
Microsoft Visual Studio Solution File, Format Version 12.00
# Visual Studio Version 16
VisualStudioVersion = 16.0.31205.134
MinimumVisualStudioVersion = 10.0.40219.1
Project("{9A19103F-16F7-4668-BE54-9A1E7A4F7556}") = "CoordinateNET", "CoordinateNET\CoordinateNET.csproj", "{104FECC1-DC4C-4266-92BB-C5045CA3EE96}"
EndProject
Project("{9A19103F-16F7-4668-BE54-9A1E7A4F7556}") = "Test", "Test\Test.csproj", "{A6D43A53-5D0B-4BDC-9E0B-8CA42B955BBA}"
EndProject
Project("{FAE04EC0-301F-11D3-BF4B-00C04F79EFBC}") = "Sample", "Console\Sample.csproj", "{D3EAB165-40E5-4960-A625-F1D14B0700F9}"
EndProject
Global
	GlobalSection(SolutionConfigurationPlatforms) = preSolution
		Debug|Any CPU = Debug|Any CPU
		Release|Any CPU = Release|Any CPU
	EndGlobalSection
	GlobalSection(ProjectConfigurationPlatforms) = postSolution
		{104FECC1-DC4C-4266-92BB-C5045CA3EE96}.Debug|Any CPU.ActiveCfg = Debug|Any CPU
		{104FECC1-DC4C-4266-92BB-C5045CA3EE96}.Debug|Any CPU.Build.0 = Debug|Any CPU
		{104FECC1-DC4C-4266-92BB-C5045CA3EE96}.Release|Any CPU.ActiveCfg = Release|Any CPU
		{104FECC1-DC4C-4266-92BB-C5045CA3EE96}.Release|Any CPU.Build.0 = Release|Any CPU
		{A6D43A53-5D0B-4BDC-9E0B-8CA42B955BBA}.Debug|Any CPU.ActiveCfg = Debug|Any CPU
		{A6D43A53-5D0B-4BDC-9E0B-8CA42B955BBA}.Debug|Any CPU.Build.0 = Debug|Any CPU
		{A6D43A53-5D0B-4BDC-9E0B-8CA42B955BBA}.Release|Any CPU.ActiveCfg = Release|Any CPU
		{A6D43A53-5D0B-4BDC-9E0B-8CA42B955BBA}.Release|Any CPU.Build.0 = Release|Any CPU
		{D3EAB165-40E5-4960-A625-F1D14B0700F9}.Debug|Any CPU.ActiveCfg = Debug|Any CPU
		{D3EAB165-40E5-4960-A625-F1D14B0700F9}.Debug|Any CPU.Build.0 = Debug|Any CPU
		{D3EAB165-40E5-4960-A625-F1D14B0700F9}.Release|Any CPU.ActiveCfg = Release|Any CPU
		{D3EAB165-40E5-4960-A625-F1D14B0700F9}.Release|Any CPU.Build.0 = Release|Any CPU
	EndGlobalSection
	GlobalSection(SolutionProperties) = preSolution
		HideSolutionNode = FALSE
	EndGlobalSection
	GlobalSection(ExtensibilityGlobals) = postSolution
		SolutionGuid = {93C993BF-34B6-4183-9578-DB9593738081}
	EndGlobalSection
EndGlobal
